// !$*UTF8*$!
{
	archiveVersion = 1;
	classes = {
	};
	objectVersion = 56;
	objects = {

/* Begin PBXBuildFile section */
		2F35804C2958E380008D3936 /* AppDelegate.swift in Sources */ = {isa = PBXBuildFile; fileRef = 2F35804B2958E380008D3936 /* AppDelegate.swift */; };
		2F35804E2958E380008D3936 /* Scene.sks in Resources */ = {isa = PBXBuildFile; fileRef = 2F35804D2958E380008D3936 /* Scene.sks */; };
		2F3580502958E380008D3936 /* Scene.swift in Sources */ = {isa = PBXBuildFile; fileRef = 2F35804F2958E380008D3936 /* Scene.swift */; };
		2F3580522958E380008D3936 /* ViewController.swift in Sources */ = {isa = PBXBuildFile; fileRef = 2F3580512958E380008D3936 /* ViewController.swift */; };
		2F3580552958E380008D3936 /* Main.storyboard in Resources */ = {isa = PBXBuildFile; fileRef = 2F3580532958E380008D3936 /* Main.storyboard */; };
		2F3580572958E381008D3936 /* Assets.xcassets in Resources */ = {isa = PBXBuildFile; fileRef = 2F3580562958E381008D3936 /* Assets.xcassets */; };
		2F35805A2958E381008D3936 /* LaunchScreen.storyboard in Resources */ = {isa = PBXBuildFile; fileRef = 2F3580582958E381008D3936 /* LaunchScreen.storyboard */; };
		2F3580662958F136008D3936 /* Die.wav in Resources */ = {isa = PBXBuildFile; fileRef = 2F3580612958F136008D3936 /* Die.wav */; };
		2F3580672958F136008D3936 /* GameStart.wav in Resources */ = {isa = PBXBuildFile; fileRef = 2F3580622958F136008D3936 /* GameStart.wav */; };
		2F3580682958F136008D3936 /* Collect.wav in Resources */ = {isa = PBXBuildFile; fileRef = 2F3580632958F136008D3936 /* Collect.wav */; };
		2F3580692958F136008D3936 /* Spawn.wav in Resources */ = {isa = PBXBuildFile; fileRef = 2F3580642958F136008D3936 /* Spawn.wav */; };
		2F35806A2958F136008D3936 /* GameOver.wav in Resources */ = {isa = PBXBuildFile; fileRef = 2F3580652958F136008D3936 /* GameOver.wav */; };
/* End PBXBuildFile section */

/* Begin PBXFileReference section */
		2F3580482958E380008D3936 /* EmojiPop-Storyboard.app */ = {isa = PBXFileReference; explicitFileType = wrapper.application; includeInIndex = 0; path = "EmojiPop-Storyboard.app"; sourceTree = BUILT_PRODUCTS_DIR; };
		2F35804B2958E380008D3936 /* AppDelegate.swift */ = {isa = PBXFileReference; lastKnownFileType = sourcecode.swift; path = AppDelegate.swift; sourceTree = "<group>"; };
		2F35804D2958E380008D3936 /* Scene.sks */ = {isa = PBXFileReference; lastKnownFileType = file.sks; path = Scene.sks; sourceTree = "<group>"; };
		2F35804F2958E380008D3936 /* Scene.swift */ = {isa = PBXFileReference; lastKnownFileType = sourcecode.swift; path = Scene.swift; sourceTree = "<group>"; };
		2F3580512958E380008D3936 /* ViewController.swift */ = {isa = PBXFileReference; lastKnownFileType = sourcecode.swift; path = ViewController.swift; sourceTree = "<group>"; };
		2F3580542958E380008D3936 /* Base */ = {isa = PBXFileReference; lastKnownFileType = file.storyboard; name = Base; path = Base.lproj/Main.storyboard; sourceTree = "<group>"; };
		2F3580562958E381008D3936 /* Assets.xcassets */ = {isa = PBXFileReference; lastKnownFileType = folder.assetcatalog; path = Assets.xcassets; sourceTree = "<group>"; };
		2F3580592958E381008D3936 /* Base */ = {isa = PBXFileReference; lastKnownFileType = file.storyboard; name = Base; path = Base.lproj/LaunchScreen.storyboard; sourceTree = "<group>"; };
		2F3580612958F136008D3936 /* Die.wav */ = {isa = PBXFileReference; lastKnownFileType = audio.wav; path = Die.wav; sourceTree = "<group>"; };
		2F3580622958F136008D3936 /* GameStart.wav */ = {isa = PBXFileReference; lastKnownFileType = audio.wav; path = GameStart.wav; sourceTree = "<group>"; };
		2F3580632958F136008D3936 /* Collect.wav */ = {isa = PBXFileReference; lastKnownFileType = audio.wav; path = Collect.wav; sourceTree = "<group>"; };
		2F3580642958F136008D3936 /* Spawn.wav */ = {isa = PBXFileReference; lastKnownFileType = audio.wav; path = Spawn.wav; sourceTree = "<group>"; };
		2F3580652958F136008D3936 /* GameOver.wav */ = {isa = PBXFileReference; lastKnownFileType = audio.wav; path = GameOver.wav; sourceTree = "<group>"; };
/* End PBXFileReference section */

/* Begin PBXFrameworksBuildPhase section */
		2F3580452958E380008D3936 /* Frameworks */ = {
			isa = PBXFrameworksBuildPhase;
			buildActionMask = 2147483647;
			files = (
			);
			runOnlyForDeploymentPostprocessing = 0;
		};
/* End PBXFrameworksBuildPhase section */

/* Begin PBXGroup section */
		2F35803F2958E380008D3936 = {
			isa = PBXGroup;
			children = (
				2F35804A2958E380008D3936 /* EmojiPop-Storyboard */,
				2F3580492958E380008D3936 /* Products */,
			);
			sourceTree = "<group>";
		};
		2F3580492958E380008D3936 /* Products */ = {
			isa = PBXGroup;
			children = (
				2F3580482958E380008D3936 /* EmojiPop-Storyboard.app */,
			);
			name = Products;
			sourceTree = "<group>";
		};
		2F35804A2958E380008D3936 /* EmojiPop-Storyboard */ = {
			isa = PBXGroup;
			children = (
				2F35804B2958E380008D3936 /* AppDelegate.swift */,
				2F35804D2958E380008D3936 /* Scene.sks */,
				2F35804F2958E380008D3936 /* Scene.swift */,
				2F3580512958E380008D3936 /* ViewController.swift */,
				2F3580532958E380008D3936 /* Main.storyboard */,
				2F3580582958E381008D3936 /* LaunchScreen.storyboard */,
				2F3580562958E381008D3936 /* Assets.xcassets */,
				2F3580602958F136008D3936 /* SoundEffects */,
			);
			path = "EmojiPop-Storyboard";
			sourceTree = "<group>";
		};
		2F3580602958F136008D3936 /* SoundEffects */ = {
			isa = PBXGroup;
			children = (
				2F3580612958F136008D3936 /* Die.wav */,
				2F3580622958F136008D3936 /* GameStart.wav */,
				2F3580632958F136008D3936 /* Collect.wav */,
				2F3580642958F136008D3936 /* Spawn.wav */,
				2F3580652958F136008D3936 /* GameOver.wav */,
			);
			path = SoundEffects;
			sourceTree = "<group>";
		};
/* End PBXGroup section */

/* Begin PBXNativeTarget section */
		2F3580472958E380008D3936 /* EmojiPop-Storyboard */ = {
			isa = PBXNativeTarget;
			buildConfigurationList = 2F35805D2958E381008D3936 /* Build configuration list for PBXNativeTarget "EmojiPop-Storyboard" */;
			buildPhases = (
				2F3580442958E380008D3936 /* Sources */,
				2F3580452958E380008D3936 /* Frameworks */,
				2F3580462958E380008D3936 /* Resources */,
			);
			buildRules = (
			);
			dependencies = (
			);
			name = "EmojiPop-Storyboard";
			productName = "EmojiPop-Storyboard";
			productReference = 2F3580482958E380008D3936 /* EmojiPop-Storyboard.app */;
			productType = "com.apple.product-type.application";
		};
/* End PBXNativeTarget section */

/* Begin PBXProject section */
		2F3580402958E380008D3936 /* Project object */ = {
			isa = PBXProject;
			attributes = {
				BuildIndependentTargetsInParallel = 1;
				LastSwiftUpdateCheck = 1420;
				LastUpgradeCheck = 1420;
				TargetAttributes = {
					2F3580472958E380008D3936 = {
						CreatedOnToolsVersion = 14.2;
					};
				};
			};
			buildConfigurationList = 2F3580432958E380008D3936 /* Build configuration list for PBXProject "EmojiPop-Storyboard" */;
			compatibilityVersion = "Xcode 14.0";
			developmentRegion = en;
			hasScannedForEncodings = 0;
			knownRegions = (
				en,
				Base,
			);
			mainGroup = 2F35803F2958E380008D3936;
			productRefGroup = 2F3580492958E380008D3936 /* Products */;
			projectDirPath = "";
			projectRoot = "";
			targets = (
				2F3580472958E380008D3936 /* EmojiPop-Storyboard */,
			);
		};
/* End PBXProject section */

/* Begin PBXResourcesBuildPhase section */
		2F3580462958E380008D3936 /* Resources */ = {
			isa = PBXResourcesBuildPhase;
			buildActionMask = 2147483647;
			files = (
				2F35804E2958E380008D3936 /* Scene.sks in Resources */,
				2F3580672958F136008D3936 /* GameStart.wav in Resources */,
				2F35806A2958F136008D3936 /* GameOver.wav in Resources */,
				2F3580662958F136008D3936 /* Die.wav in Resources */,
				2F35805A2958E381008D3936 /* LaunchScreen.storyboard in Resources */,
				2F3580572958E381008D3936 /* Assets.xcassets in Resources */,
				2F3580682958F136008D3936 /* Collect.wav in Resources */,
				2F3580692958F136008D3936 /* Spawn.wav in Resources */,
				2F3580552958E380008D3936 /* Main.storyboard in Resources */,
			);
			runOnlyForDeploymentPostprocessing = 0;
		};
/* End PBXResourcesBuildPhase section */

/* Begin PBXSourcesBuildPhase section */
		2F3580442958E380008D3936 /* Sources */ = {
			isa = PBXSourcesBuildPhase;
			buildActionMask = 2147483647;
			files = (
				2F3580522958E380008D3936 /* ViewController.swift in Sources */,
				2F3580502958E380008D3936 /* Scene.swift in Sources */,
				2F35804C2958E380008D3936 /* AppDelegate.swift in Sources */,
			);
			runOnlyForDeploymentPostprocessing = 0;
		};
/* End PBXSourcesBuildPhase section */

/* Begin PBXVariantGroup section */
		2F3580532958E380008D3936 /* Main.storyboard */ = {
			isa = PBXVariantGroup;
			children = (
				2F3580542958E380008D3936 /* Base */,
			);
			name = Main.storyboard;
			sourceTree = "<group>";
		};
		2F3580582958E381008D3936 /* LaunchScreen.storyboard */ = {
			isa = PBXVariantGroup;
			children = (
				2F3580592958E381008D3936 /* Base */,
			);
			name = LaunchScreen.storyboard;
			sourceTree = "<group>";
		};
/* End PBXVariantGroup section */

/* Begin XCBuildConfiguration section */
		2F35805B2958E381008D3936 /* Debug */ = {
			isa = XCBuildConfiguration;
			buildSettings = {
				ALWAYS_SEARCH_USER_PATHS = NO;
				CLANG_ANALYZER_NONNULL = YES;
				CLANG_ANALYZER_NUMBER_OBJECT_CONVERSION = YES_AGGRESSIVE;
				CLANG_CXX_LANGUAGE_STANDARD = "gnu++20";
				CLANG_ENABLE_MODULES = YES;
				CLANG_ENABLE_OBJC_ARC = YES;
				CLANG_ENABLE_OBJC_WEAK = YES;
				CLANG_WARN_BLOCK_CAPTURE_AUTORELEASING = YES;
				CLANG_WARN_BOOL_CONVERSION = YES;
				CLANG_WARN_COMMA = YES;
				CLANG_WARN_CONSTANT_CONVERSION = YES;
				CLANG_WARN_DEPRECATED_OBJC_IMPLEMENTATIONS = YES;
				CLANG_WARN_DIRECT_OBJC_ISA_USAGE = YES_ERROR;
				CLANG_WARN_DOCUMENTATION_COMMENTS = YES;
				CLANG_WARN_EMPTY_BODY = YES;
				CLANG_WARN_ENUM_CONVERSION = YES;
				CLANG_WARN_INFINITE_RECURSION = YES;
				CLANG_WARN_INT_CONVERSION = YES;
				CLANG_WARN_NON_LITERAL_NULL_CONVERSION = YES;
				CLANG_WARN_OBJC_IMPLICIT_RETAIN_SELF = YES;
				CLANG_WARN_OBJC_LITERAL_CONVERSION = YES;
				CLANG_WARN_OBJC_ROOT_CLASS = YES_ERROR;
				CLANG_WARN_QUOTED_INCLUDE_IN_FRAMEWORK_HEADER = YES;
				CLANG_WARN_RANGE_LOOP_ANALYSIS = YES;
				CLANG_WARN_STRICT_PROTOTYPES = YES;
				CLANG_WARN_SUSPICIOUS_MOVE = YES;
				CLANG_WARN_UNGUARDED_AVAILABILITY = YES_AGGRESSIVE;
				CLANG_WARN_UNREACHABLE_CODE = YES;
				CLANG_WARN__DUPLICATE_METHOD_MATCH = YES;
				COPY_PHASE_STRIP = NO;
				DEBUG_INFORMATION_FORMAT = dwarf;
				ENABLE_STRICT_OBJC_MSGSEND = YES;
				ENABLE_TESTABILITY = YES;
				GCC_C_LANGUAGE_STANDARD = gnu11;
				GCC_DYNAMIC_NO_PIC = NO;
				GCC_NO_COMMON_BLOCKS = YES;
				GCC_OPTIMIZATION_LEVEL = 0;
				GCC_PREPROCESSOR_DEFINITIONS = (
					"DEBUG=1",
					"$(inherited)",
				);
				GCC_WARN_64_TO_32_BIT_CONVERSION = YES;
				GCC_WARN_ABOUT_RETURN_TYPE = YES_ERROR;
				GCC_WARN_UNDECLARED_SELECTOR = YES;
				GCC_WARN_UNINITIALIZED_AUTOS = YES_AGGRESSIVE;
				GCC_WARN_UNUSED_FUNCTION = YES;
				GCC_WARN_UNUSED_VARIABLE = YES;
				IPHONEOS_DEPLOYMENT_TARGET = 16.2;
				MTL_ENABLE_DEBUG_INFO = INCLUDE_SOURCE;
				MTL_FAST_MATH = YES;
				ONLY_ACTIVE_ARCH = YES;
				SDKROOT = iphoneos;
				SWIFT_ACTIVE_COMPILATION_CONDITIONS = DEBUG;
				SWIFT_OPTIMIZATION_LEVEL = "-Onone";
			};
			name = Debug;
		};
		2F35805C2958E381008D3936 /* Release */ = {
			isa = XCBuildConfiguration;
			buildSettings = {
				ALWAYS_SEARCH_USER_PATHS = NO;
				CLANG_ANALYZER_NONNULL = YES;
				CLANG_ANALYZER_NUMBER_OBJECT_CONVERSION = YES_AGGRESSIVE;
				CLANG_CXX_LANGUAGE_STANDARD = "gnu++20";
				CLANG_ENABLE_MODULES = YES;
				CLANG_ENABLE_OBJC_ARC = YES;
				CLANG_ENABLE_OBJC_WEAK = YES;
				CLANG_WARN_BLOCK_CAPTURE_AUTORELEASING = YES;
				CLANG_WARN_BOOL_CONVERSION = YES;
				CLANG_WARN_COMMA = YES;
				CLANG_WARN_CONSTANT_CONVERSION = YES;
				CLANG_WARN_DEPRECATED_OBJC_IMPLEMENTATIONS = YES;
				CLANG_WARN_DIRECT_OBJC_ISA_USAGE = YES_ERROR;
				CLANG_WARN_DOCUMENTATION_COMMENTS = YES;
				CLANG_WARN_EMPTY_BODY = YES;
				CLANG_WARN_ENUM_CONVERSION = YES;
				CLANG_WARN_INFINITE_RECURSION = YES;
				CLANG_WARN_INT_CONVERSION = YES;
				CLANG_WARN_NON_LITERAL_NULL_CONVERSION = YES;
				CLANG_WARN_OBJC_IMPLICIT_RETAIN_SELF = YES;
				CLANG_WARN_OBJC_LITERAL_CONVERSION = YES;
				CLANG_WARN_OBJC_ROOT_CLASS = YES_ERROR;
				CLANG_WARN_QUOTED_INCLUDE_IN_FRAMEWORK_HEADER = YES;
				CLANG_WARN_RANGE_LOOP_ANALYSIS = YES;
				CLANG_WARN_STRICT_PROTOTYPES = YES;
				CLANG_WARN_SUSPICIOUS_MOVE = YES;
				CLANG_WARN_UNGUARDED_AVAILABILITY = YES_AGGRESSIVE;
				CLANG_WARN_UNREACHABLE_CODE = YES;
				CLANG_WARN__DUPLICATE_METHOD_MATCH = YES;
				COPY_PHASE_STRIP = NO;
				DEBUG_INFORMATION_FORMAT = "dwarf-with-dsym";
				ENABLE_NS_ASSERTIONS = NO;
				ENABLE_STRICT_OBJC_MSGSEND = YES;
				GCC_C_LANGUAGE_STANDARD = gnu11;
				GCC_NO_COMMON_BLOCKS = YES;
				GCC_WARN_64_TO_32_BIT_CONVERSION = YES;
				GCC_WARN_ABOUT_RETURN_TYPE = YES_ERROR;
				GCC_WARN_UNDECLARED_SELECTOR = YES;
				GCC_WARN_UNINITIALIZED_AUTOS = YES_AGGRESSIVE;
				GCC_WARN_UNUSED_FUNCTION = YES;
				GCC_WARN_UNUSED_VARIABLE = YES;
				IPHONEOS_DEPLOYMENT_TARGET = 16.2;
				MTL_ENABLE_DEBUG_INFO = NO;
				MTL_FAST_MATH = YES;
				SDKROOT = iphoneos;
				SWIFT_COMPILATION_MODE = wholemodule;
				SWIFT_OPTIMIZATION_LEVEL = "-O";
				VALIDATE_PRODUCT = YES;
			};
			name = Release;
		};
		2F35805E2958E381008D3936 /* Debug */ = {
			isa = XCBuildConfiguration;
			buildSettings = {
				ASSETCATALOG_COMPILER_APPICON_NAME = AppIcon;
				ASSETCATALOG_COMPILER_GLOBAL_ACCENT_COLOR_NAME = AccentColor;
				CODE_SIGN_STYLE = Automatic;
				CURRENT_PROJECT_VERSION = 1;
				DEVELOPMENT_TEAM = 4BP826FJGX;
				GENERATE_INFOPLIST_FILE = YES;
				INFOPLIST_KEY_NSCameraUsageDescription = "AR experience requires access to camera";
				INFOPLIST_KEY_UIApplicationSupportsIndirectInputEvents = YES;
				INFOPLIST_KEY_UILaunchStoryboardName = LaunchScreen;
				INFOPLIST_KEY_UIMainStoryboardFile = Main;
				INFOPLIST_KEY_UIRequiredDeviceCapabilities = arkit;
				INFOPLIST_KEY_UIStatusBarHidden = YES;
				INFOPLIST_KEY_UISupportedInterfaceOrientations_iPad = "UIInterfaceOrientationPortrait UIInterfaceOrientationPortraitUpsideDown UIInterfaceOrientationLandscapeLeft UIInterfaceOrientationLandscapeRight";
				INFOPLIST_KEY_UISupportedInterfaceOrientations_iPhone = "UIInterfaceOrientationPortrait UIInterfaceOrientationLandscapeLeft UIInterfaceOrientationLandscapeRight";
				LD_RUNPATH_SEARCH_PATHS = (
					"$(inherited)",
					"@executable_path/Frameworks",
				);
				MARKETING_VERSION = 1.0;
				PRODUCT_BUNDLE_IDENTIFIER = "dev.neurothrone.EmojiPop-Storyboard";
				PRODUCT_NAME = "$(TARGET_NAME)";
				SWIFT_EMIT_LOC_STRINGS = YES;
				SWIFT_VERSION = 5.0;
				TARGETED_DEVICE_FAMILY = "1,2";
			};
			name = Debug;
		};
		2F35805F2958E381008D3936 /* Release */ = {
			isa = XCBuildConfiguration;
			buildSettings = {
				ASSETCATALOG_COMPILER_APPICON_NAME = AppIcon;
				ASSETCATALOG_COMPILER_GLOBAL_ACCENT_COLOR_NAME = AccentColor;
				CODE_SIGN_STYLE = Automatic;
				CURRENT_PROJECT_VERSION = 1;
				DEVELOPMENT_TEAM = 4BP826FJGX;
				GENERATE_INFOPLIST_FILE = YES;
				INFOPLIST_KEY_NSCameraUsageDescription = "AR experience requires access to camera";
				INFOPLIST_KEY_UIApplicationSupportsIndirectInputEvents = YES;
				INFOPLIST_KEY_UILaunchStoryboardName = LaunchScreen;
				INFOPLIST_KEY_UIMainStoryboardFile = Main;
				INFOPLIST_KEY_UIRequiredDeviceCapabilities = arkit;
				INFOPLIST_KEY_UIStatusBarHidden = YES;
				INFOPLIST_KEY_UISupportedInterfaceOrientations_iPad = "UIInterfaceOrientationPortrait UIInterfaceOrientationPortraitUpsideDown UIInterfaceOrientationLandscapeLeft UIInterfaceOrientationLandscapeRight";
				INFOPLIST_KEY_UISupportedInterfaceOrientations_iPhone = "UIInterfaceOrientationPortrait UIInterfaceOrientationLandscapeLeft UIInterfaceOrientationLandscapeRight";
				LD_RUNPATH_SEARCH_PATHS = (
					"$(inherited)",
					"@executable_path/Frameworks",
				);
				MARKETING_VERSION = 1.0;
				PRODUCT_BUNDLE_IDENTIFIER = "dev.neurothrone.EmojiPop-Storyboard";
				PRODUCT_NAME = "$(TARGET_NAME)";
				SWIFT_EMIT_LOC_STRINGS = YES;
				SWIFT_VERSION = 5.0;
				TARGETED_DEVICE_FAMILY = "1,2";
			};
			name = Release;
		};
/* End XCBuildConfiguration section */

/* Begin XCConfigurationList section */
		2F3580432958E380008D3936 /* Build configuration list for PBXProject "EmojiPop-Storyboard" */ = {
			isa = XCConfigurationList;
			buildConfigurations = (
				2F35805B2958E381008D3936 /* Debug */,
				2F35805C2958E381008D3936 /* Release */,
			);
			defaultConfigurationIsVisible = 0;
			defaultConfigurationName = Release;
		};
		2F35805D2958E381008D3936 /* Build configuration list for PBXNativeTarget "EmojiPop-Storyboard" */ = {
			isa = XCConfigurationList;
			buildConfigurations = (
				2F35805E2958E381008D3936 /* Debug */,
				2F35805F2958E381008D3936 /* Release */,
			);
			defaultConfigurationIsVisible = 0;
			defaultConfigurationName = Release;
		};
/* End XCConfigurationList section */
	};
	rootObject = 2F3580402958E380008D3936 /* Project object */;
}
